
Microsoft Visual Studio Solution File, Format Version 12.00
# Visual Studio Version 16
VisualStudioVersion = 16.0.29418.71
MinimumVisualStudioVersion = 10.0.40219.1
Project("{FAE04EC0-301F-11D3-BF4B-00C04F79EFBC}") = "ExtendString", "ExtendString\ExtendString.csproj", "{D2A81ABC-07EB-4855-B27D-9DC991E72265}"
EndProject
Global
	GlobalSection(SolutionConfigurationPlatforms) = preSolution
		Debug|Any CPU = Debug|Any CPU
		Release|Any CPU = Release|Any CPU
	EndGlobalSection
	GlobalSection(ProjectConfigurationPlatforms) = postSolution
		{D2A81ABC-07EB-4855-B27D-9DC991E72265}.Debug|Any CPU.ActiveCfg = Debug|Any CPU
		{D2A81ABC-07EB-4855-B27D-9DC991E72265}.Debug|Any CPU.Build.0 = Debug|Any CPU
		{D2A81ABC-07EB-4855-B27D-9DC991E72265}.Release|Any CPU.ActiveCfg = Release|Any CPU
		{D2A81ABC-07EB-4855-B27D-9DC991E72265}.Release|Any CPU.Build.0 = Release|Any CPU
	EndGlobalSection
	GlobalSection(SolutionProperties) = preSolution
		HideSolutionNode = FALSE
	EndGlobalSection
	GlobalSection(ExtensibilityGlobals) = postSolution
		SolutionGuid = {90AA983C-E72F-4160-9979-9AFC6A1C23D7}
	EndGlobalSection
EndGlobal
